// !$*UTF8*$!
{
	archiveVersion = 1;
	classes = {
	};
	objectVersion = 56;
	objects = {

/* Begin PBXBuildFile section */
		69805DC02A92060400329AFD /* privteAPIkey.swift in Sources */ = {isa = PBXBuildFile; fileRef = 69805DBF2A92060400329AFD /* privteAPIkey.swift */; };
		69B0539B2A74FC8500ECA2E5 /* IndependentActivitySampleAPPApp.swift in Sources */ = {isa = PBXBuildFile; fileRef = 69B0539A2A74FC8500ECA2E5 /* IndependentActivitySampleAPPApp.swift */; };
		69B0539D2A74FC8500ECA2E5 /* ContentView.swift in Sources */ = {isa = PBXBuildFile; fileRef = 69B0539C2A74FC8500ECA2E5 /* ContentView.swift */; };
		69B0539F2A74FC8600ECA2E5 /* Assets.xcassets in Resources */ = {isa = PBXBuildFile; fileRef = 69B0539E2A74FC8600ECA2E5 /* Assets.xcassets */; };
		69B053A22A74FC8600ECA2E5 /* Preview Assets.xcassets in Resources */ = {isa = PBXBuildFile; fileRef = 69B053A12A74FC8600ECA2E5 /* Preview Assets.xcassets */; };
		69B053AC2A74FC8600ECA2E5 /* IndependentActivitySampleAPPTests.swift in Sources */ = {isa = PBXBuildFile; fileRef = 69B053AB2A74FC8600ECA2E5 /* IndependentActivitySampleAPPTests.swift */; };
		69B053B62A74FC8600ECA2E5 /* IndependentActivitySampleAPPUITests.swift in Sources */ = {isa = PBXBuildFile; fileRef = 69B053B52A74FC8600ECA2E5 /* IndependentActivitySampleAPPUITests.swift */; };
		69B053B82A74FC8600ECA2E5 /* IndependentActivitySampleAPPUITestsLaunchTests.swift in Sources */ = {isa = PBXBuildFile; fileRef = 69B053B72A74FC8600ECA2E5 /* IndependentActivitySampleAPPUITestsLaunchTests.swift */; };
		69CB6E0C2A8A49CA005C0D7B /* NextView.swift in Sources */ = {isa = PBXBuildFile; fileRef = 69CB6E0B2A8A49CA005C0D7B /* NextView.swift */; };
		69CB6E0E2A8B98EC005C0D7B /* ArticleView.swift in Sources */ = {isa = PBXBuildFile; fileRef = 69CB6E0D2A8B98EC005C0D7B /* ArticleView.swift */; };
/* End PBXBuildFile section */

/* Begin PBXContainerItemProxy section */
		69B053A82A74FC8600ECA2E5 /* PBXContainerItemProxy */ = {
			isa = PBXContainerItemProxy;
			containerPortal = 69B0538F2A74FC8500ECA2E5 /* Project object */;
			proxyType = 1;
			remoteGlobalIDString = 69B053962A74FC8500ECA2E5;
			remoteInfo = IndependentActivitySampleAPP;
		};
		69B053B22A74FC8600ECA2E5 /* PBXContainerItemProxy */ = {
			isa = PBXContainerItemProxy;
			containerPortal = 69B0538F2A74FC8500ECA2E5 /* Project object */;
			proxyType = 1;
			remoteGlobalIDString = 69B053962A74FC8500ECA2E5;
			remoteInfo = IndependentActivitySampleAPP;
		};
/* End PBXContainerItemProxy section */

/* Begin PBXFileReference section */
		69805DBF2A92060400329AFD /* privteAPIkey.swift */ = {isa = PBXFileReference; lastKnownFileType = sourcecode.swift; path = privteAPIkey.swift; sourceTree = "<group>"; };
		69B053972A74FC8500ECA2E5 /* IndependentActivitySampleAPP.app */ = {isa = PBXFileReference; explicitFileType = wrapper.application; includeInIndex = 0; name = IndependentActivitySampleAPP.app; path = "/Users/sakohiro/Desktop/IndependentActivitySampleAPP/build/Debug-iphoneos/IndependentActivitySampleAPP.app"; sourceTree = "<absolute>"; };
		69B0539A2A74FC8500ECA2E5 /* IndependentActivitySampleAPPApp.swift */ = {isa = PBXFileReference; lastKnownFileType = sourcecode.swift; path = IndependentActivitySampleAPPApp.swift; sourceTree = "<group>"; };
		69B0539C2A74FC8500ECA2E5 /* ContentView.swift */ = {isa = PBXFileReference; lastKnownFileType = sourcecode.swift; path = ContentView.swift; sourceTree = "<group>"; };
		69B0539E2A74FC8600ECA2E5 /* Assets.xcassets */ = {isa = PBXFileReference; lastKnownFileType = folder.assetcatalog; path = Assets.xcassets; sourceTree = "<group>"; };
		69B053A12A74FC8600ECA2E5 /* Preview Assets.xcassets */ = {isa = PBXFileReference; lastKnownFileType = folder.assetcatalog; path = "Preview Assets.xcassets"; sourceTree = "<group>"; };
		69B053A72A74FC8600ECA2E5 /* IndependentActivitySampleAPPTests.xctest */ = {isa = PBXFileReference; explicitFileType = wrapper.cfbundle; includeInIndex = 0; name = IndependentActivitySampleAPPTests.xctest; path = "/Users/sakohiro/Desktop/IndependentActivitySampleAPP/build/Debug-iphoneos/IndependentActivitySampleAPPTests.xctest"; sourceTree = "<absolute>"; };
		69B053AB2A74FC8600ECA2E5 /* IndependentActivitySampleAPPTests.swift */ = {isa = PBXFileReference; lastKnownFileType = sourcecode.swift; path = IndependentActivitySampleAPPTests.swift; sourceTree = "<group>"; };
		69B053B12A74FC8600ECA2E5 /* IndependentActivitySampleAPPUITests.xctest */ = {isa = PBXFileReference; explicitFileType = wrapper.cfbundle; includeInIndex = 0; name = IndependentActivitySampleAPPUITests.xctest; path = "/Users/sakohiro/Desktop/IndependentActivitySampleAPP/build/Debug-iphoneos/IndependentActivitySampleAPPUITests.xctest"; sourceTree = "<absolute>"; };
		69B053B52A74FC8600ECA2E5 /* IndependentActivitySampleAPPUITests.swift */ = {isa = PBXFileReference; lastKnownFileType = sourcecode.swift; path = IndependentActivitySampleAPPUITests.swift; sourceTree = "<group>"; };
		69B053B72A74FC8600ECA2E5 /* IndependentActivitySampleAPPUITestsLaunchTests.swift */ = {isa = PBXFileReference; lastKnownFileType = sourcecode.swift; path = IndependentActivitySampleAPPUITestsLaunchTests.swift; sourceTree = "<group>"; };
		69B0540F2A790E8000ECA2E5 /* OptionSet.playground */ = {isa = PBXFileReference; lastKnownFileType = file.playground; path = OptionSet.playground; sourceTree = "<group>"; xcLanguageSpecificationIdentifier = xcode.lang.swift; };
		69B054152A7A582900ECA2E5 /* Protocol.playground */ = {isa = PBXFileReference; lastKnownFileType = file.playground; path = Protocol.playground; sourceTree = "<group>"; xcLanguageSpecificationIdentifier = xcode.lang.swift; };
		69CB6E0B2A8A49CA005C0D7B /* NextView.swift */ = {isa = PBXFileReference; lastKnownFileType = sourcecode.swift; path = NextView.swift; sourceTree = "<group>"; };
		69CB6E0D2A8B98EC005C0D7B /* ArticleView.swift */ = {isa = PBXFileReference; lastKnownFileType = sourcecode.swift; path = ArticleView.swift; sourceTree = "<group>"; };
/* End PBXFileReference section */

/* Begin PBXFrameworksBuildPhase section */
		69B053942A74FC8500ECA2E5 /* Frameworks */ = {
			isa = PBXFrameworksBuildPhase;
			buildActionMask = 2147483647;
			files = (
			);
			runOnlyForDeploymentPostprocessing = 0;
		};
		69B053A42A74FC8600ECA2E5 /* Frameworks */ = {
			isa = PBXFrameworksBuildPhase;
			buildActionMask = 2147483647;
			files = (
			);
			runOnlyForDeploymentPostprocessing = 0;
		};
		69B053AE2A74FC8600ECA2E5 /* Frameworks */ = {
			isa = PBXFrameworksBuildPhase;
			buildActionMask = 2147483647;
			files = (
			);
			runOnlyForDeploymentPostprocessing = 0;
		};
/* End PBXFrameworksBuildPhase section */

/* Begin PBXGroup section */
		69B0538E2A74FC8500ECA2E5 = {
			isa = PBXGroup;
			children = (
				69B053992A74FC8500ECA2E5 /* IndependentActivitySampleAPP */,
				69B053AA2A74FC8600ECA2E5 /* IndependentActivitySampleAPPTests */,
				69B053B42A74FC8600ECA2E5 /* IndependentActivitySampleAPPUITests */,
			);
			sourceTree = "<group>";
		};
		69B053992A74FC8500ECA2E5 /* IndependentActivitySampleAPP */ = {
			isa = PBXGroup;
			children = (
				69B0539A2A74FC8500ECA2E5 /* IndependentActivitySampleAPPApp.swift */,
				69B0539C2A74FC8500ECA2E5 /* ContentView.swift */,
				69CB6E0B2A8A49CA005C0D7B /* NextView.swift */,
				69CB6E0D2A8B98EC005C0D7B /* ArticleView.swift */,
				69805DBF2A92060400329AFD /* privteAPIkey.swift */,
				69B054152A7A582900ECA2E5 /* Protocol.playground */,
				69B0540F2A790E8000ECA2E5 /* OptionSet.playground */,
				69B0539E2A74FC8600ECA2E5 /* Assets.xcassets */,
				69B053A02A74FC8600ECA2E5 /* Preview Content */,
			);
			path = IndependentActivitySampleAPP;
			sourceTree = "<group>";
		};
		69B053A02A74FC8600ECA2E5 /* Preview Content */ = {
			isa = PBXGroup;
			children = (
				69B053A12A74FC8600ECA2E5 /* Preview Assets.xcassets */,
			);
			path = "Preview Content";
			sourceTree = "<group>";
		};
		69B053AA2A74FC8600ECA2E5 /* IndependentActivitySampleAPPTests */ = {
			isa = PBXGroup;
			children = (
				69B053AB2A74FC8600ECA2E5 /* IndependentActivitySampleAPPTests.swift */,
			);
			path = IndependentActivitySampleAPPTests;
			sourceTree = "<group>";
		};
		69B053B42A74FC8600ECA2E5 /* IndependentActivitySampleAPPUITests */ = {
			isa = PBXGroup;
			children = (
				69B053B52A74FC8600ECA2E5 /* IndependentActivitySampleAPPUITests.swift */,
				69B053B72A74FC8600ECA2E5 /* IndependentActivitySampleAPPUITestsLaunchTests.swift */,
			);
			path = IndependentActivitySampleAPPUITests;
			sourceTree = "<group>";
		};
/* End PBXGroup section */

/* Begin PBXNativeTarget section */
		69B053962A74FC8500ECA2E5 /* IndependentActivitySampleAPP */ = {
			isa = PBXNativeTarget;
			buildConfigurationList = 69B053BB2A74FC8600ECA2E5 /* Build configuration list for PBXNativeTarget "IndependentActivitySampleAPP" */;
			buildPhases = (
				05073234B9A2BD0F9F49E9D2 /* [CP] Check Pods Manifest.lock */,
				69B053932A74FC8500ECA2E5 /* Sources */,
				69B053942A74FC8500ECA2E5 /* Frameworks */,
				69B053952A74FC8500ECA2E5 /* Resources */,
				4F72B4D56C45B4EFB4E4D4C8 /* [CP] Embed Pods Frameworks */,
			);
			buildRules = (
			);
			dependencies = (
			);
			name = IndependentActivitySampleAPP;
			productName = IndependentActivitySampleAPP;
			productReference = 69B053972A74FC8500ECA2E5 /* IndependentActivitySampleAPP.app */;
			productType = "com.apple.product-type.application";
		};
		69B053A62A74FC8600ECA2E5 /* IndependentActivitySampleAPPTests */ = {
			isa = PBXNativeTarget;
			buildConfigurationList = 69B053BE2A74FC8600ECA2E5 /* Build configuration list for PBXNativeTarget "IndependentActivitySampleAPPTests" */;
			buildPhases = (
				69B053A32A74FC8600ECA2E5 /* Sources */,
				69B053A42A74FC8600ECA2E5 /* Frameworks */,
				69B053A52A74FC8600ECA2E5 /* Resources */,
			);
			buildRules = (
			);
			dependencies = (
				69B053A92A74FC8600ECA2E5 /* PBXTargetDependency */,
			);
			name = IndependentActivitySampleAPPTests;
			productName = IndependentActivitySampleAPPTests;
			productReference = 69B053A72A74FC8600ECA2E5 /* IndependentActivitySampleAPPTests.xctest */;
			productType = "com.apple.product-type.bundle.unit-test";
		};
		69B053B02A74FC8600ECA2E5 /* IndependentActivitySampleAPPUITests */ = {
			isa = PBXNativeTarget;
			buildConfigurationList = 69B053C12A74FC8600ECA2E5 /* Build configuration list for PBXNativeTarget "IndependentActivitySampleAPPUITests" */;
			buildPhases = (
				69B053AD2A74FC8600ECA2E5 /* Sources */,
				69B053AE2A74FC8600ECA2E5 /* Frameworks */,
				69B053AF2A74FC8600ECA2E5 /* Resources */,
			);
			buildRules = (
			);
			dependencies = (
				69B053B32A74FC8600ECA2E5 /* PBXTargetDependency */,
			);
			name = IndependentActivitySampleAPPUITests;
			productName = IndependentActivitySampleAPPUITests;
			productReference = 69B053B12A74FC8600ECA2E5 /* IndependentActivitySampleAPPUITests.xctest */;
			productType = "com.apple.product-type.bundle.ui-testing";
		};
/* End PBXNativeTarget section */

/* Begin PBXProject section */
		69B0538F2A74FC8500ECA2E5 /* Project object */ = {
			isa = PBXProject;
			attributes = {
				BuildIndependentTargetsInParallel = 1;
				LastSwiftUpdateCheck = 1430;
				LastUpgradeCheck = 1430;
				TargetAttributes = {
					69B053962A74FC8500ECA2E5 = {
						CreatedOnToolsVersion = 14.3.1;
					};
					69B053A62A74FC8600ECA2E5 = {
						CreatedOnToolsVersion = 14.3.1;
						TestTargetID = 69B053962A74FC8500ECA2E5;
					};
					69B053B02A74FC8600ECA2E5 = {
						CreatedOnToolsVersion = 14.3.1;
						TestTargetID = 69B053962A74FC8500ECA2E5;
					};
				};
			};
			buildConfigurationList = 69B053922A74FC8500ECA2E5 /* Build configuration list for PBXProject "IndependentActivitySampleAPP" */;
			compatibilityVersion = "Xcode 14.0";
			developmentRegion = en;
			hasScannedForEncodings = 0;
			knownRegions = (
				en,
				Base,
			);
			mainGroup = 69B0538E2A74FC8500ECA2E5;
			productRefGroup = 69B0538E2A74FC8500ECA2E5;
			projectDirPath = "";
			projectRoot = "";
			targets = (
				69B053962A74FC8500ECA2E5 /* IndependentActivitySampleAPP */,
				69B053A62A74FC8600ECA2E5 /* IndependentActivitySampleAPPTests */,
				69B053B02A74FC8600ECA2E5 /* IndependentActivitySampleAPPUITests */,
			);
		};
/* End PBXProject section */

/* Begin PBXResourcesBuildPhase section */
		69B053952A74FC8500ECA2E5 /* Resources */ = {
			isa = PBXResourcesBuildPhase;
			buildActionMask = 2147483647;
			files = (
				69B053A22A74FC8600ECA2E5 /* Preview Assets.xcassets in Resources */,
				69B0539F2A74FC8600ECA2E5 /* Assets.xcassets in Resources */,
			);
			runOnlyForDeploymentPostprocessing = 0;
		};
		69B053A52A74FC8600ECA2E5 /* Resources */ = {
			isa = PBXResourcesBuildPhase;
			buildActionMask = 2147483647;
			files = (
			);
			runOnlyForDeploymentPostprocessing = 0;
		};
		69B053AF2A74FC8600ECA2E5 /* Resources */ = {
			isa = PBXResourcesBuildPhase;
			buildActionMask = 2147483647;
			files = (
			);
			runOnlyForDeploymentPostprocessing = 0;
		};
/* End PBXResourcesBuildPhase section */

/* Begin PBXShellScriptBuildPhase section */
		05073234B9A2BD0F9F49E9D2 /* [CP] Check Pods Manifest.lock */ = {
			isa = PBXShellScriptBuildPhase;
			buildActionMask = 2147483647;
			files = (
			);
			inputFileListPaths = (
			);
			inputPaths = (
				"${PODS_PODFILE_DIR_PATH}/Podfile.lock",
				"${PODS_ROOT}/Manifest.lock",
			);
			name = "[CP] Check Pods Manifest.lock";
			outputFileListPaths = (
			);
			outputPaths = (
				"$(DERIVED_FILE_DIR)/Pods-IndependentActivitySampleAPP-checkManifestLockResult.txt",
			);
			runOnlyForDeploymentPostprocessing = 0;
			shellPath = /bin/sh;
			shellScript = "diff \"${PODS_PODFILE_DIR_PATH}/Podfile.lock\" \"${PODS_ROOT}/Manifest.lock\" > /dev/null\nif [ $? != 0 ] ; then\n    # print error to STDERR\n    echo \"error: The sandbox is not in sync with the Podfile.lock. Run 'pod install' or update your CocoaPods installation.\" >&2\n    exit 1\nfi\n# This output is used by Xcode 'outputs' to avoid re-running this script phase.\necho \"SUCCESS\" > \"${SCRIPT_OUTPUT_FILE_0}\"\n";
			showEnvVarsInLog = 0;
		};
		4F72B4D56C45B4EFB4E4D4C8 /* [CP] Embed Pods Frameworks */ = {
			isa = PBXShellScriptBuildPhase;
			buildActionMask = 2147483647;
			files = (
			);
			inputFileListPaths = (
				"${PODS_ROOT}/Target Support Files/Pods-IndependentActivitySampleAPP/Pods-IndependentActivitySampleAPP-frameworks-${CONFIGURATION}-input-files.xcfilelist",
			);
			name = "[CP] Embed Pods Frameworks";
			outputFileListPaths = (
				"${PODS_ROOT}/Target Support Files/Pods-IndependentActivitySampleAPP/Pods-IndependentActivitySampleAPP-frameworks-${CONFIGURATION}-output-files.xcfilelist",
			);
			runOnlyForDeploymentPostprocessing = 0;
			shellPath = /bin/sh;
			shellScript = "\"${PODS_ROOT}/Target Support Files/Pods-IndependentActivitySampleAPP/Pods-IndependentActivitySampleAPP-frameworks.sh\"\n";
			showEnvVarsInLog = 0;
		};
/* End PBXShellScriptBuildPhase section */

/* Begin PBXSourcesBuildPhase section */
		69B053932A74FC8500ECA2E5 /* Sources */ = {
			isa = PBXSourcesBuildPhase;
			buildActionMask = 2147483647;
			files = (
				69805DC02A92060400329AFD /* privteAPIkey.swift in Sources */,
				69B0539D2A74FC8500ECA2E5 /* ContentView.swift in Sources */,
				69B0539B2A74FC8500ECA2E5 /* IndependentActivitySampleAPPApp.swift in Sources */,
				69CB6E0C2A8A49CA005C0D7B /* NextView.swift in Sources */,
				69CB6E0E2A8B98EC005C0D7B /* ArticleView.swift in Sources */,
			);
			runOnlyForDeploymentPostprocessing = 0;
		};
		69B053A32A74FC8600ECA2E5 /* Sources */ = {
			isa = PBXSourcesBuildPhase;
			buildActionMask = 2147483647;
			files = (
				69B053AC2A74FC8600ECA2E5 /* IndependentActivitySampleAPPTests.swift in Sources */,
			);
			runOnlyForDeploymentPostprocessing = 0;
		};
		69B053AD2A74FC8600ECA2E5 /* Sources */ = {
			isa = PBXSourcesBuildPhase;
			buildActionMask = 2147483647;
			files = (
				69B053B82A74FC8600ECA2E5 /* IndependentActivitySampleAPPUITestsLaunchTests.swift in Sources */,
				69B053B62A74FC8600ECA2E5 /* IndependentActivitySampleAPPUITests.swift in Sources */,
			);
			runOnlyForDeploymentPostprocessing = 0;
		};
/* End PBXSourcesBuildPhase section */

/* Begin PBXTargetDependency section */
		69B053A92A74FC8600ECA2E5 /* PBXTargetDependency */ = {
			isa = PBXTargetDependency;
			target = 69B053962A74FC8500ECA2E5 /* IndependentActivitySampleAPP */;
			targetProxy = 69B053A82A74FC8600ECA2E5 /* PBXContainerItemProxy */;
		};
		69B053B32A74FC8600ECA2E5 /* PBXTargetDependency */ = {
			isa = PBXTargetDependency;
			target = 69B053962A74FC8500ECA2E5 /* IndependentActivitySampleAPP */;
			targetProxy = 69B053B22A74FC8600ECA2E5 /* PBXContainerItemProxy */;
		};
/* End PBXTargetDependency section */

/* Begin XCBuildConfiguration section */
		69B053B92A74FC8600ECA2E5 /* Debug */ = {
			isa = XCBuildConfiguration;
			buildSettings = {
				ALWAYS_SEARCH_USER_PATHS = NO;
				CLANG_ANALYZER_NONNULL = YES;
				CLANG_ANALYZER_NUMBER_OBJECT_CONVERSION = YES_AGGRESSIVE;
				CLANG_CXX_LANGUAGE_STANDARD = "gnu++20";
				CLANG_ENABLE_MODULES = YES;
				CLANG_ENABLE_OBJC_ARC = YES;
				CLANG_ENABLE_OBJC_WEAK = YES;
				CLANG_WARN_BLOCK_CAPTURE_AUTORELEASING = YES;
				CLANG_WARN_BOOL_CONVERSION = YES;
				CLANG_WARN_COMMA = YES;
				CLANG_WARN_CONSTANT_CONVERSION = YES;
				CLANG_WARN_DEPRECATED_OBJC_IMPLEMENTATIONS = YES;
				CLANG_WARN_DIRECT_OBJC_ISA_USAGE = YES_ERROR;
				CLANG_WARN_DOCUMENTATION_COMMENTS = YES;
				CLANG_WARN_EMPTY_BODY = YES;
				CLANG_WARN_ENUM_CONVERSION = YES;
				CLANG_WARN_INFINITE_RECURSION = YES;
				CLANG_WARN_INT_CONVERSION = YES;
				CLANG_WARN_NON_LITERAL_NULL_CONVERSION = YES;
				CLANG_WARN_OBJC_IMPLICIT_RETAIN_SELF = YES;
				CLANG_WARN_OBJC_LITERAL_CONVERSION = YES;
				CLANG_WARN_OBJC_ROOT_CLASS = YES_ERROR;
				CLANG_WARN_QUOTED_INCLUDE_IN_FRAMEWORK_HEADER = YES;
				CLANG_WARN_RANGE_LOOP_ANALYSIS = YES;
				CLANG_WARN_STRICT_PROTOTYPES = YES;
				CLANG_WARN_SUSPICIOUS_MOVE = YES;
				CLANG_WARN_UNGUARDED_AVAILABILITY = YES_AGGRESSIVE;
				CLANG_WARN_UNREACHABLE_CODE = YES;
				CLANG_WARN__DUPLICATE_METHOD_MATCH = YES;
				COPY_PHASE_STRIP = NO;
				DEBUG_INFORMATION_FORMAT = dwarf;
				ENABLE_STRICT_OBJC_MSGSEND = YES;
				ENABLE_TESTABILITY = YES;
				GCC_C_LANGUAGE_STANDARD = gnu11;
				GCC_DYNAMIC_NO_PIC = NO;
				GCC_NO_COMMON_BLOCKS = YES;
				GCC_OPTIMIZATION_LEVEL = 0;
				GCC_PREPROCESSOR_DEFINITIONS = (
					"DEBUG=1",
					"$(inherited)",
				);
				GCC_WARN_64_TO_32_BIT_CONVERSION = YES;
				GCC_WARN_ABOUT_RETURN_TYPE = YES_ERROR;
				GCC_WARN_UNDECLARED_SELECTOR = YES;
				GCC_WARN_UNINITIALIZED_AUTOS = YES_AGGRESSIVE;
				GCC_WARN_UNUSED_FUNCTION = YES;
				GCC_WARN_UNUSED_VARIABLE = YES;
				IPHONEOS_DEPLOYMENT_TARGET = 16.4;
				MTL_ENABLE_DEBUG_INFO = INCLUDE_SOURCE;
				MTL_FAST_MATH = YES;
				ONLY_ACTIVE_ARCH = YES;
				SDKROOT = iphoneos;
				SWIFT_ACTIVE_COMPILATION_CONDITIONS = DEBUG;
				SWIFT_OPTIMIZATION_LEVEL = "-Onone";
			};
			name = Debug;
		};
		69B053BA2A74FC8600ECA2E5 /* Release */ = {
			isa = XCBuildConfiguration;
			buildSettings = {
				ALWAYS_SEARCH_USER_PATHS = NO;
				CLANG_ANALYZER_NONNULL = YES;
				CLANG_ANALYZER_NUMBER_OBJECT_CONVERSION = YES_AGGRESSIVE;
				CLANG_CXX_LANGUAGE_STANDARD = "gnu++20";
				CLANG_ENABLE_MODULES = YES;
				CLANG_ENABLE_OBJC_ARC = YES;
				CLANG_ENABLE_OBJC_WEAK = YES;
				CLANG_WARN_BLOCK_CAPTURE_AUTORELEASING = YES;
				CLANG_WARN_BOOL_CONVERSION = YES;
				CLANG_WARN_COMMA = YES;
				CLANG_WARN_CONSTANT_CONVERSION = YES;
				CLANG_WARN_DEPRECATED_OBJC_IMPLEMENTATIONS = YES;
				CLANG_WARN_DIRECT_OBJC_ISA_USAGE = YES_ERROR;
				CLANG_WARN_DOCUMENTATION_COMMENTS = YES;
				CLANG_WARN_EMPTY_BODY = YES;
				CLANG_WARN_ENUM_CONVERSION = YES;
				CLANG_WARN_INFINITE_RECURSION = YES;
				CLANG_WARN_INT_CONVERSION = YES;
				CLANG_WARN_NON_LITERAL_NULL_CONVERSION = YES;
				CLANG_WARN_OBJC_IMPLICIT_RETAIN_SELF = YES;
				CLANG_WARN_OBJC_LITERAL_CONVERSION = YES;
				CLANG_WARN_OBJC_ROOT_CLASS = YES_ERROR;
				CLANG_WARN_QUOTED_INCLUDE_IN_FRAMEWORK_HEADER = YES;
				CLANG_WARN_RANGE_LOOP_ANALYSIS = YES;
				CLANG_WARN_STRICT_PROTOTYPES = YES;
				CLANG_WARN_SUSPICIOUS_MOVE = YES;
				CLANG_WARN_UNGUARDED_AVAILABILITY = YES_AGGRESSIVE;
				CLANG_WARN_UNREACHABLE_CODE = YES;
				CLANG_WARN__DUPLICATE_METHOD_MATCH = YES;
				COPY_PHASE_STRIP = NO;
				DEBUG_INFORMATION_FORMAT = "dwarf-with-dsym";
				ENABLE_NS_ASSERTIONS = NO;
				ENABLE_STRICT_OBJC_MSGSEND = YES;
				GCC_C_LANGUAGE_STANDARD = gnu11;
				GCC_NO_COMMON_BLOCKS = YES;
				GCC_WARN_64_TO_32_BIT_CONVERSION = YES;
				GCC_WARN_ABOUT_RETURN_TYPE = YES_ERROR;
				GCC_WARN_UNDECLARED_SELECTOR = YES;
				GCC_WARN_UNINITIALIZED_AUTOS = YES_AGGRESSIVE;
				GCC_WARN_UNUSED_FUNCTION = YES;
				GCC_WARN_UNUSED_VARIABLE = YES;
				IPHONEOS_DEPLOYMENT_TARGET = 16.4;
				MTL_ENABLE_DEBUG_INFO = NO;
				MTL_FAST_MATH = YES;
				SDKROOT = iphoneos;
				SWIFT_COMPILATION_MODE = wholemodule;
				SWIFT_OPTIMIZATION_LEVEL = "-O";
				VALIDATE_PRODUCT = YES;
			};
			name = Release;
		};
		69B053BC2A74FC8600ECA2E5 /* Debug */ = {
			isa = XCBuildConfiguration;
			buildSettings = {
				ASSETCATALOG_COMPILER_APPICON_NAME = AppIcon;
				ASSETCATALOG_COMPILER_GLOBAL_ACCENT_COLOR_NAME = AccentColor;
				CODE_SIGN_STYLE = Automatic;
				CURRENT_PROJECT_VERSION = 1;
				DEVELOPMENT_ASSET_PATHS = "\"IndependentActivitySampleAPP/Preview Content\"";
				DEVELOPMENT_TEAM = 6NMWZ48XL4;
				ENABLE_PREVIEWS = YES;
				GENERATE_INFOPLIST_FILE = YES;
				INFOPLIST_KEY_UIApplicationSceneManifest_Generation = YES;
				INFOPLIST_KEY_UIApplicationSupportsIndirectInputEvents = YES;
				INFOPLIST_KEY_UILaunchScreen_Generation = YES;
				INFOPLIST_KEY_UISupportedInterfaceOrientations_iPad = "UIInterfaceOrientationPortrait UIInterfaceOrientationPortraitUpsideDown UIInterfaceOrientationLandscapeLeft UIInterfaceOrientationLandscapeRight";
				INFOPLIST_KEY_UISupportedInterfaceOrientations_iPhone = "UIInterfaceOrientationPortrait UIInterfaceOrientationLandscapeLeft UIInterfaceOrientationLandscapeRight";
				LD_RUNPATH_SEARCH_PATHS = (
					"$(inherited)",
					"@executable_path/Frameworks",
				);
				MARKETING_VERSION = 1.0;
				PRODUCT_BUNDLE_IDENTIFIER = com.sako.IndependentActivitySampleAPP;
				PRODUCT_NAME = "$(TARGET_NAME)";
				SWIFT_EMIT_LOC_STRINGS = YES;
				SWIFT_VERSION = 5.0;
				TARGETED_DEVICE_FAMILY = "1,2";
			};
			name = Debug;
		};
		69B053BD2A74FC8600ECA2E5 /* Release */ = {
			isa = XCBuildConfiguration;
			buildSettings = {
				ASSETCATALOG_COMPILER_APPICON_NAME = AppIcon;
				ASSETCATALOG_COMPILER_GLOBAL_ACCENT_COLOR_NAME = AccentColor;
				CODE_SIGN_STYLE = Automatic;
				CURRENT_PROJECT_VERSION = 1;
				DEVELOPMENT_ASSET_PATHS = "\"IndependentActivitySampleAPP/Preview Content\"";
				DEVELOPMENT_TEAM = 6NMWZ48XL4;
				ENABLE_PREVIEWS = YES;
				GENERATE_INFOPLIST_FILE = YES;
				INFOPLIST_KEY_UIApplicationSceneManifest_Generation = YES;
				INFOPLIST_KEY_UIApplicationSupportsIndirectInputEvents = YES;
				INFOPLIST_KEY_UILaunchScreen_Generation = YES;
				INFOPLIST_KEY_UISupportedInterfaceOrientations_iPad = "UIInterfaceOrientationPortrait UIInterfaceOrientationPortraitUpsideDown UIInterfaceOrientationLandscapeLeft UIInterfaceOrientationLandscapeRight";
				INFOPLIST_KEY_UISupportedInterfaceOrientations_iPhone = "UIInterfaceOrientationPortrait UIInterfaceOrientationLandscapeLeft UIInterfaceOrientationLandscapeRight";
				LD_RUNPATH_SEARCH_PATHS = (
					"$(inherited)",
					"@executable_path/Frameworks",
				);
				MARKETING_VERSION = 1.0;
				PRODUCT_BUNDLE_IDENTIFIER = com.sako.IndependentActivitySampleAPP;
				PRODUCT_NAME = "$(TARGET_NAME)";
				SWIFT_EMIT_LOC_STRINGS = YES;
				SWIFT_VERSION = 5.0;
				TARGETED_DEVICE_FAMILY = "1,2";
			};
			name = Release;
		};
		69B053BF2A74FC8600ECA2E5 /* Debug */ = {
			isa = XCBuildConfiguration;
			buildSettings = {
				ALWAYS_EMBED_SWIFT_STANDARD_LIBRARIES = YES;
				BUNDLE_LOADER = "$(TEST_HOST)";
				CODE_SIGN_STYLE = Automatic;
				CURRENT_PROJECT_VERSION = 1;
				DEVELOPMENT_TEAM = 6NMWZ48XL4;
				GENERATE_INFOPLIST_FILE = YES;
				IPHONEOS_DEPLOYMENT_TARGET = 16.4;
				MARKETING_VERSION = 1.0;
				PRODUCT_BUNDLE_IDENTIFIER = com.sako.IndependentActivitySampleAPPTests;
				PRODUCT_NAME = "$(TARGET_NAME)";
				SWIFT_EMIT_LOC_STRINGS = NO;
				SWIFT_VERSION = 5.0;
				TARGETED_DEVICE_FAMILY = "1,2";
				TEST_HOST = "$(BUILT_PRODUCTS_DIR)/IndependentActivitySampleAPP.app/$(BUNDLE_EXECUTABLE_FOLDER_PATH)/IndependentActivitySampleAPP";
			};
			name = Debug;
		};
		69B053C02A74FC8600ECA2E5 /* Release */ = {
			isa = XCBuildConfiguration;
			buildSettings = {
				ALWAYS_EMBED_SWIFT_STANDARD_LIBRARIES = YES;
				BUNDLE_LOADER = "$(TEST_HOST)";
				CODE_SIGN_STYLE = Automatic;
				CURRENT_PROJECT_VERSION = 1;
				DEVELOPMENT_TEAM = 6NMWZ48XL4;
				GENERATE_INFOPLIST_FILE = YES;
				IPHONEOS_DEPLOYMENT_TARGET = 16.4;
				MARKETING_VERSION = 1.0;
				PRODUCT_BUNDLE_IDENTIFIER = com.sako.IndependentActivitySampleAPPTests;
				PRODUCT_NAME = "$(TARGET_NAME)";
				SWIFT_EMIT_LOC_STRINGS = NO;
				SWIFT_VERSION = 5.0;
				TARGETED_DEVICE_FAMILY = "1,2";
				TEST_HOST = "$(BUILT_PRODUCTS_DIR)/IndependentActivitySampleAPP.app/$(BUNDLE_EXECUTABLE_FOLDER_PATH)/IndependentActivitySampleAPP";
			};
			name = Release;
		};
		69B053C22A74FC8600ECA2E5 /* Debug */ = {
			isa = XCBuildConfiguration;
			buildSettings = {
				ALWAYS_EMBED_SWIFT_STANDARD_LIBRARIES = YES;
				CODE_SIGN_STYLE = Automatic;
				CURRENT_PROJECT_VERSION = 1;
				DEVELOPMENT_TEAM = 6NMWZ48XL4;
				GENERATE_INFOPLIST_FILE = YES;
				MARKETING_VERSION = 1.0;
				PRODUCT_BUNDLE_IDENTIFIER = com.sako.IndependentActivitySampleAPPUITests;
				PRODUCT_NAME = "$(TARGET_NAME)";
				SWIFT_EMIT_LOC_STRINGS = NO;
				SWIFT_VERSION = 5.0;
				TARGETED_DEVICE_FAMILY = "1,2";
				TEST_TARGET_NAME = IndependentActivitySampleAPP;
			};
			name = Debug;
		};
		69B053C32A74FC8600ECA2E5 /* Release */ = {
			isa = XCBuildConfiguration;
			buildSettings = {
				ALWAYS_EMBED_SWIFT_STANDARD_LIBRARIES = YES;
				CODE_SIGN_STYLE = Automatic;
				CURRENT_PROJECT_VERSION = 1;
				DEVELOPMENT_TEAM = 6NMWZ48XL4;
				GENERATE_INFOPLIST_FILE = YES;
				MARKETING_VERSION = 1.0;
				PRODUCT_BUNDLE_IDENTIFIER = com.sako.IndependentActivitySampleAPPUITests;
				PRODUCT_NAME = "$(TARGET_NAME)";
				SWIFT_EMIT_LOC_STRINGS = NO;
				SWIFT_VERSION = 5.0;
				TARGETED_DEVICE_FAMILY = "1,2";
				TEST_TARGET_NAME = IndependentActivitySampleAPP;
			};
			name = Release;
		};
/* End XCBuildConfiguration section */

/* Begin XCConfigurationList section */
		69B053922A74FC8500ECA2E5 /* Build configuration list for PBXProject "IndependentActivitySampleAPP" */ = {
			isa = XCConfigurationList;
			buildConfigurations = (
				69B053B92A74FC8600ECA2E5 /* Debug */,
				69B053BA2A74FC8600ECA2E5 /* Release */,
			);
			defaultConfigurationIsVisible = 0;
			defaultConfigurationName = Release;
		};
		69B053BB2A74FC8600ECA2E5 /* Build configuration list for PBXNativeTarget "IndependentActivitySampleAPP" */ = {
			isa = XCConfigurationList;
			buildConfigurations = (
				69B053BC2A74FC8600ECA2E5 /* Debug */,
				69B053BD2A74FC8600ECA2E5 /* Release */,
			);
			defaultConfigurationIsVisible = 0;
			defaultConfigurationName = Release;
		};
		69B053BE2A74FC8600ECA2E5 /* Build configuration list for PBXNativeTarget "IndependentActivitySampleAPPTests" */ = {
			isa = XCConfigurationList;
			buildConfigurations = (
				69B053BF2A74FC8600ECA2E5 /* Debug */,
				69B053C02A74FC8600ECA2E5 /* Release */,
			);
			defaultConfigurationIsVisible = 0;
			defaultConfigurationName = Release;
		};
		69B053C12A74FC8600ECA2E5 /* Build configuration list for PBXNativeTarget "IndependentActivitySampleAPPUITests" */ = {
			isa = XCConfigurationList;
			buildConfigurations = (
				69B053C22A74FC8600ECA2E5 /* Debug */,
				69B053C32A74FC8600ECA2E5 /* Release */,
			);
			defaultConfigurationIsVisible = 0;
			defaultConfigurationName = Release;
		};
/* End XCConfigurationList section */
	};
	rootObject = 69B0538F2A74FC8500ECA2E5 /* Project object */;
}
